
Microsoft Visual Studio Solution File, Format Version 12.00
# Visual Studio 15
VisualStudioVersion = 15.0.26124.0
MinimumVisualStudioVersion = 15.0.26124.0
Project("{FAE04EC0-301F-11D3-BF4B-00C04F79EFBC}") = "API", "API\API.csproj", "{FE39EAE6-2D71-4D72-8DA0-72099EBB5AAE}"
EndProject
Project("{2150E333-8FDC-42A3-9474-1A3956D46DE8}") = "APITests", "APITests", "{23F44EF7-F761-43A1-AAB0-6F2542EBBFC1}"
EndProject
Project("{FAE04EC0-301F-11D3-BF4B-00C04F79EFBC}") = "IntegrationTests", "APITests\IntegrationTests\IntegrationTests.csproj", "{B98844D0-DD3B-47DB-932C-D0DCF702F62D}"
EndProject
Global
	GlobalSection(SolutionConfigurationPlatforms) = preSolution
		Debug|Any CPU = Debug|Any CPU
		Debug|x64 = Debug|x64
		Debug|x86 = Debug|x86
		Release|Any CPU = Release|Any CPU
		Release|x64 = Release|x64
		Release|x86 = Release|x86
	EndGlobalSection
	GlobalSection(SolutionProperties) = preSolution
		HideSolutionNode = FALSE
	EndGlobalSection
	GlobalSection(ProjectConfigurationPlatforms) = postSolution
		{FE39EAE6-2D71-4D72-8DA0-72099EBB5AAE}.Debug|Any CPU.ActiveCfg = Debug|Any CPU
		{FE39EAE6-2D71-4D72-8DA0-72099EBB5AAE}.Debug|Any CPU.Build.0 = Debug|Any CPU
		{FE39EAE6-2D71-4D72-8DA0-72099EBB5AAE}.Debug|x64.ActiveCfg = Debug|Any CPU
		{FE39EAE6-2D71-4D72-8DA0-72099EBB5AAE}.Debug|x64.Build.0 = Debug|Any CPU
		{FE39EAE6-2D71-4D72-8DA0-72099EBB5AAE}.Debug|x86.ActiveCfg = Debug|Any CPU
		{FE39EAE6-2D71-4D72-8DA0-72099EBB5AAE}.Debug|x86.Build.0 = Debug|Any CPU
		{FE39EAE6-2D71-4D72-8DA0-72099EBB5AAE}.Release|Any CPU.ActiveCfg = Release|Any CPU
		{FE39EAE6-2D71-4D72-8DA0-72099EBB5AAE}.Release|Any CPU.Build.0 = Release|Any CPU
		{FE39EAE6-2D71-4D72-8DA0-72099EBB5AAE}.Release|x64.ActiveCfg = Release|Any CPU
		{FE39EAE6-2D71-4D72-8DA0-72099EBB5AAE}.Release|x64.Build.0 = Release|Any CPU
		{FE39EAE6-2D71-4D72-8DA0-72099EBB5AAE}.Release|x86.ActiveCfg = Release|Any CPU
		{FE39EAE6-2D71-4D72-8DA0-72099EBB5AAE}.Release|x86.Build.0 = Release|Any CPU
		{B98844D0-DD3B-47DB-932C-D0DCF702F62D}.Debug|Any CPU.ActiveCfg = Debug|Any CPU
		{B98844D0-DD3B-47DB-932C-D0DCF702F62D}.Debug|Any CPU.Build.0 = Debug|Any CPU
		{B98844D0-DD3B-47DB-932C-D0DCF702F62D}.Debug|x64.ActiveCfg = Debug|Any CPU
		{B98844D0-DD3B-47DB-932C-D0DCF702F62D}.Debug|x64.Build.0 = Debug|Any CPU
		{B98844D0-DD3B-47DB-932C-D0DCF702F62D}.Debug|x86.ActiveCfg = Debug|Any CPU
		{B98844D0-DD3B-47DB-932C-D0DCF702F62D}.Debug|x86.Build.0 = Debug|Any CPU
		{B98844D0-DD3B-47DB-932C-D0DCF702F62D}.Release|Any CPU.ActiveCfg = Release|Any CPU
		{B98844D0-DD3B-47DB-932C-D0DCF702F62D}.Release|Any CPU.Build.0 = Release|Any CPU
		{B98844D0-DD3B-47DB-932C-D0DCF702F62D}.Release|x64.ActiveCfg = Release|Any CPU
		{B98844D0-DD3B-47DB-932C-D0DCF702F62D}.Release|x64.Build.0 = Release|Any CPU
		{B98844D0-DD3B-47DB-932C-D0DCF702F62D}.Release|x86.ActiveCfg = Release|Any CPU
		{B98844D0-DD3B-47DB-932C-D0DCF702F62D}.Release|x86.Build.0 = Release|Any CPU
	EndGlobalSection
	GlobalSection(NestedProjects) = preSolution
		{B98844D0-DD3B-47DB-932C-D0DCF702F62D} = {23F44EF7-F761-43A1-AAB0-6F2542EBBFC1}
	EndGlobalSection
EndGlobal
